
Microsoft Visual Studio Solution File, Format Version 12.00
# Visual Studio Version 17
VisualStudioVersion = 17.5.002.0
MinimumVisualStudioVersion = 10.0.40219.1
Project("{9A19103F-16F7-4668-BE54-9A1E7A4F7556}") = "CoursesRelaxBack", "CoursesRelaxBack.csproj", "{0B7D1CF2-E1B7-4059-AE53-C73D6F2ACE48}"
EndProject
Global
	GlobalSection(SolutionConfigurationPlatforms) = preSolution
		Debug|Any CPU = Debug|Any CPU
		Release|Any CPU = Release|Any CPU
	EndGlobalSection
	GlobalSection(ProjectConfigurationPlatforms) = postSolution
		{0B7D1CF2-E1B7-4059-AE53-C73D6F2ACE48}.Debug|Any CPU.ActiveCfg = Debug|Any CPU
		{0B7D1CF2-E1B7-4059-AE53-C73D6F2ACE48}.Debug|Any CPU.Build.0 = Debug|Any CPU
		{0B7D1CF2-E1B7-4059-AE53-C73D6F2ACE48}.Release|Any CPU.ActiveCfg = Release|Any CPU
		{0B7D1CF2-E1B7-4059-AE53-C73D6F2ACE48}.Release|Any CPU.Build.0 = Release|Any CPU
	EndGlobalSection
	GlobalSection(SolutionProperties) = preSolution
		HideSolutionNode = FALSE
	EndGlobalSection
	GlobalSection(ExtensibilityGlobals) = postSolution
		SolutionGuid = {398B6260-A1A1-49F9-B7F3-EF51B322F4E5}
	EndGlobalSection
EndGlobal
